
Microsoft Visual Studio Solution File, Format Version 12.00
# Visual Studio Version 16
VisualStudioVersion = 16.0.31702.278
MinimumVisualStudioVersion = 10.0.40219.1
Project("{FAE04EC0-301F-11D3-BF4B-00C04F79EFBC}") = "ExplorerView", "ExplorerView\ExplorerView.csproj", "{272171C4-7D58-409E-8D2B-FD609E2C189F}"
EndProject
Global
	GlobalSection(SolutionConfigurationPlatforms) = preSolution
		Debug|Any CPU = Debug|Any CPU
		Release|Any CPU = Release|Any CPU
	EndGlobalSection
	GlobalSection(ProjectConfigurationPlatforms) = postSolution
		{272171C4-7D58-409E-8D2B-FD609E2C189F}.Debug|Any CPU.ActiveCfg = Debug|Any CPU
		{272171C4-7D58-409E-8D2B-FD609E2C189F}.Debug|Any CPU.Build.0 = Debug|Any CPU
		{272171C4-7D58-409E-8D2B-FD609E2C189F}.Release|Any CPU.ActiveCfg = Release|Any CPU
		{272171C4-7D58-409E-8D2B-FD609E2C189F}.Release|Any CPU.Build.0 = Release|Any CPU
	EndGlobalSection
	GlobalSection(SolutionProperties) = preSolution
		HideSolutionNode = FALSE
	EndGlobalSection
	GlobalSection(ExtensibilityGlobals) = postSolution
		SolutionGuid = {E562F455-7BF6-45B1-800C-DC2161FBE59F}
	EndGlobalSection
EndGlobal
